
Microsoft Visual Studio Solution File, Format Version 12.00
# Visual Studio 15
VisualStudioVersion = 15.0.28307.645
MinimumVisualStudioVersion = 10.0.40219.1
Project("{E24C65DC-7377-472B-9ABA-BC803B73C61A}") = "love-novel-view", ".", "{DEE3FC04-8DAA-45BC-8F49-1C993C45CD14}"
	ProjectSection(WebsiteProperties) = preProject
		TargetFrameworkMoniker = ".NETFramework,Version%3Dv4.0"
		Debug.AspNetCompiler.VirtualPath = "/localhost_51680"
		Debug.AspNetCompiler.PhysicalPath = "D:\love-novel-view\"
		Debug.AspNetCompiler.TargetPath = "PrecompiledWeb\localhost_51680\"
		Debug.AspNetCompiler.Updateable = "true"
		Debug.AspNetCompiler.ForceOverwrite = "true"
		Debug.AspNetCompiler.FixedNames = "false"
		Debug.AspNetCompiler.Debug = "True"
		Release.AspNetCompiler.VirtualPath = "/localhost_51680"
		Release.AspNetCompiler.PhysicalPath = "D:\love-novel-view\"
		Release.AspNetCompiler.TargetPath = "PrecompiledWeb\localhost_51680\"
		Release.AspNetCompiler.Updateable = "true"
		Release.AspNetCompiler.ForceOverwrite = "true"
		Release.AspNetCompiler.FixedNames = "false"
		Release.AspNetCompiler.Debug = "False"
		VWDPort = "51680"
	EndProjectSection
EndProject
Global
	GlobalSection(SolutionConfigurationPlatforms) = preSolution
		Debug|Any CPU = Debug|Any CPU
	EndGlobalSection
	GlobalSection(ProjectConfigurationPlatforms) = postSolution
		{DEE3FC04-8DAA-45BC-8F49-1C993C45CD14}.Debug|Any CPU.ActiveCfg = Debug|Any CPU
		{DEE3FC04-8DAA-45BC-8F49-1C993C45CD14}.Debug|Any CPU.Build.0 = Debug|Any CPU
	EndGlobalSection
	GlobalSection(SolutionProperties) = preSolution
		HideSolutionNode = FALSE
	EndGlobalSection
	GlobalSection(ExtensibilityGlobals) = postSolution
		SolutionGuid = {2D21EC22-97EE-438D-B60D-187F03CCA868}
	EndGlobalSection
EndGlobal
